<?xml version="1.0" encoding="utf-8"?>
<Project ToolsVersion="4.0" xmlns="http://schemas.microsoft.com/developer/msbuild/2003">
  <ItemGroup>
    <Filter Include="Source Files">
      <UniqueIdentifier>{4FC737F1-C7A5-4376-A066-2A32D752A2FF}</UniqueIdentifier>
      <Extensions>cpp;c;cc;cxx;def;odl;idl;hpj;bat;asm;asmx</Extensions>
    </Filter>
    <Filter Include="Header Files">
      <UniqueIdentifier>{93995380-89BD-4b04-88EB-625FBE52EBFB}</UniqueIdentifier>
      <Extensions>h;hh;hpp;hxx;hm;inl;inc;ipp;xsd</Extensions>
    </Filter>
    <Filter Include="Resource Files">
      <UniqueIdentifier>{67DA6AB6-F800-4c08-8B7A-83BB121AAD01}</UniqueIdentifier>
      <Extensions>rc;ico;cur;bmp;dlg;rc2;rct;bin;rgs;gif;jpg;jpeg;jpe;resx;tiff;tif;png;wav;mfcribbon-ms</Extensions>
    </Filter>
    <Filter Include="Source Files\include">
      <UniqueIdentifier>{6e9e6517-8bd2-4d11-a00b-42bcc96d8d1a}</UniqueIdentifier>
    </Filter>
    <Filter Include="Source Files\src">
      <UniqueIdentifier>{281c0dc0-e177-4b5d-a835-ee8c04b5e6d8}</UniqueIdentifier>
    </Filter>
  </ItemGroup>
  <ItemGroup>
    <ClInclude Include="acedd.h">
      <Filter>Source Files\include</Filter>
    </ClInclude>
    <ClInclude Include="acedd_quant.h">
      <Filter>Source Files\include</Filter>
    </ClInclude>
    <ClInclude Include="fuzzy_10bin.h">
      <Filter>Source Files\include</Filter>
    </ClInclude>
    <ClInclude Include="fuzzy_24bin.h">
      <Filter>Source Files\include</Filter>
    </ClInclude>
  </ItemGroup>
  <ItemGroup>
    <ClCompile Include="acedd_app.cpp">
      <Filter>Source Files</Filter>
    </ClCompile>
    <ClCompile Include="acedd.cpp">
      <Filter>Source Files\src</Filter>
    </ClCompile>
    <ClCompile Include="acedd_quant.cpp">
      <Filter>Source Files\src</Filter>
    </ClCompile>
    <ClCompile Include="fuzzy_10bin.cpp">
      <Filter>Source Files\src</Filter>
    </ClCompile>
    <ClCompile Include="fuzzy_24bin.cpp">
      <Filter>Source Files\src</Filter>
    </ClCompile>
  </ItemGroup>
</Project>